
Microsoft Visual Studio Solution File, Format Version 11.00
# Visual Studio 2010
Project("{8BC9CEB8-8B4A-11D0-8D11-00A0C91BC942}") = "portscan", "portscan\portscan.vcxproj", "{C85485A1-9809-4470-BC9E-E5727C730730}"
EndProject
Project("{54435603-DBB4-11D2-8724-00A0C9A8B90C}") = "psSetup", "psSetup\psSetup.vdproj", "{D6E45D33-ED8A-48ED-9F9E-6B772C8320E4}"
EndProject
Global
	GlobalSection(SolutionConfigurationPlatforms) = preSolution
		Debug|Win32 = Debug|Win32
		Release|Win32 = Release|Win32
	EndGlobalSection
	GlobalSection(ProjectConfigurationPlatforms) = postSolution
		{C85485A1-9809-4470-BC9E-E5727C730730}.Debug|Win32.ActiveCfg = Debug|Win32
		{C85485A1-9809-4470-BC9E-E5727C730730}.Debug|Win32.Build.0 = Debug|Win32
		{C85485A1-9809-4470-BC9E-E5727C730730}.Release|Win32.ActiveCfg = Release|Win32
		{C85485A1-9809-4470-BC9E-E5727C730730}.Release|Win32.Build.0 = Release|Win32
		{D6E45D33-ED8A-48ED-9F9E-6B772C8320E4}.Debug|Win32.ActiveCfg = Debug
		{D6E45D33-ED8A-48ED-9F9E-6B772C8320E4}.Release|Win32.ActiveCfg = Release
	EndGlobalSection
	GlobalSection(SolutionProperties) = preSolution
		HideSolutionNode = FALSE
	EndGlobalSection
EndGlobal
